// !$*UTF8*$!
{
	archiveVersion = 1;
	classes = {
	};
	objectVersion = 56;
	objects = {

/* Begin PBXBuildFile section */
		661B6D75293B91F30084ECA5 /* AppDelegate.swift in Sources */ = {isa = PBXBuildFile; fileRef = 661B6D74293B91F30084ECA5 /* AppDelegate.swift */; };
		661B6D77293B91F30084ECA5 /* SceneDelegate.swift in Sources */ = {isa = PBXBuildFile; fileRef = 661B6D76293B91F30084ECA5 /* SceneDelegate.swift */; };
		661B6D7E293B91F40084ECA5 /* Assets.xcassets in Resources */ = {isa = PBXBuildFile; fileRef = 661B6D7D293B91F40084ECA5 /* Assets.xcassets */; };
		661B6D8E293B92A10084ECA5 /* WebService.swift in Sources */ = {isa = PBXBuildFile; fileRef = 661B6D8D293B92A10084ECA5 /* WebService.swift */; };
		661B6D91293B92FD0084ECA5 /* Alamofire in Frameworks */ = {isa = PBXBuildFile; productRef = 661B6D90293B92FD0084ECA5 /* Alamofire */; };
		661B6D93293B94DB0084ECA5 /* MovieNowPlayingModel.swift in Sources */ = {isa = PBXBuildFile; fileRef = 661B6D92293B94DB0084ECA5 /* MovieNowPlayingModel.swift */; };
		661B6D95293C0C530084ECA5 /* MovieUpComingModel.swift in Sources */ = {isa = PBXBuildFile; fileRef = 661B6D94293C0C530084ECA5 /* MovieUpComingModel.swift */; };
		66804F2E293E9E3A008977E8 /* HomeBottomListCell.swift in Sources */ = {isa = PBXBuildFile; fileRef = 66804F2D293E9E3A008977E8 /* HomeBottomListCell.swift */; };
		66804F30293E9E5A008977E8 /* DetailBottomCell.swift in Sources */ = {isa = PBXBuildFile; fileRef = 66804F2F293E9E5A008977E8 /* DetailBottomCell.swift */; };
		66804F32293E9E82008977E8 /* CompositionalCustomCell.swift in Sources */ = {isa = PBXBuildFile; fileRef = 66804F31293E9E82008977E8 /* CompositionalCustomCell.swift */; };
		66804F35293E9E98008977E8 /* Kingfisher in Frameworks */ = {isa = PBXBuildFile; productRef = 66804F34293E9E98008977E8 /* Kingfisher */; };
		66BD9370293CAAEF00F62E26 /* MovieDetailsModel.swift in Sources */ = {isa = PBXBuildFile; fileRef = 66BD936F293CAAEF00F62E26 /* MovieDetailsModel.swift */; };
		66BD9373293CBAE800F62E26 /* HomeTopSliderCell.swift in Sources */ = {isa = PBXBuildFile; fileRef = 66BD9372293CBAE800F62E26 /* HomeTopSliderCell.swift */; };
		66BD9375293CBC7F00F62E26 /* MainVC.swift in Sources */ = {isa = PBXBuildFile; fileRef = 66BD9374293CBC7F00F62E26 /* MainVC.swift */; };
		66BD9378293CC15C00F62E26 /* AlamofireImage in Frameworks */ = {isa = PBXBuildFile; productRef = 66BD9377293CC15C00F62E26 /* AlamofireImage */; };
		66BD937A293CC7AE00F62E26 /* HomeTopCell.swift in Sources */ = {isa = PBXBuildFile; fileRef = 66BD9379293CC7AE00F62E26 /* HomeTopCell.swift */; };
/* End PBXBuildFile section */

/* Begin PBXFileReference section */
		661B6D71293B91F30084ECA5 /* MovieApp-MVVM.app */ = {isa = PBXFileReference; explicitFileType = wrapper.application; includeInIndex = 0; path = "MovieApp-MVVM.app"; sourceTree = BUILT_PRODUCTS_DIR; };
		661B6D74293B91F30084ECA5 /* AppDelegate.swift */ = {isa = PBXFileReference; lastKnownFileType = sourcecode.swift; path = AppDelegate.swift; sourceTree = "<group>"; };
		661B6D76293B91F30084ECA5 /* SceneDelegate.swift */ = {isa = PBXFileReference; lastKnownFileType = sourcecode.swift; path = SceneDelegate.swift; sourceTree = "<group>"; };
		661B6D7D293B91F40084ECA5 /* Assets.xcassets */ = {isa = PBXFileReference; lastKnownFileType = folder.assetcatalog; path = Assets.xcassets; sourceTree = "<group>"; };
		661B6D82293B91F40084ECA5 /* Info.plist */ = {isa = PBXFileReference; lastKnownFileType = text.plist.xml; path = Info.plist; sourceTree = "<group>"; };
		661B6D8D293B92A10084ECA5 /* WebService.swift */ = {isa = PBXFileReference; lastKnownFileType = sourcecode.swift; path = WebService.swift; sourceTree = "<group>"; };
		661B6D92293B94DB0084ECA5 /* MovieNowPlayingModel.swift */ = {isa = PBXFileReference; lastKnownFileType = sourcecode.swift; path = MovieNowPlayingModel.swift; sourceTree = "<group>"; };
		661B6D94293C0C530084ECA5 /* MovieUpComingModel.swift */ = {isa = PBXFileReference; lastKnownFileType = sourcecode.swift; path = MovieUpComingModel.swift; sourceTree = "<group>"; };
		66804F2D293E9E3A008977E8 /* HomeBottomListCell.swift */ = {isa = PBXFileReference; lastKnownFileType = sourcecode.swift; path = HomeBottomListCell.swift; sourceTree = "<group>"; };
		66804F2F293E9E5A008977E8 /* DetailBottomCell.swift */ = {isa = PBXFileReference; lastKnownFileType = sourcecode.swift; path = DetailBottomCell.swift; sourceTree = "<group>"; };
		66804F31293E9E82008977E8 /* CompositionalCustomCell.swift */ = {isa = PBXFileReference; lastKnownFileType = sourcecode.swift; path = CompositionalCustomCell.swift; sourceTree = "<group>"; };
		66BD936F293CAAEF00F62E26 /* MovieDetailsModel.swift */ = {isa = PBXFileReference; lastKnownFileType = sourcecode.swift; path = MovieDetailsModel.swift; sourceTree = "<group>"; };
		66BD9372293CBAE800F62E26 /* HomeTopSliderCell.swift */ = {isa = PBXFileReference; lastKnownFileType = sourcecode.swift; path = HomeTopSliderCell.swift; sourceTree = "<group>"; };
		66BD9374293CBC7F00F62E26 /* MainVC.swift */ = {isa = PBXFileReference; lastKnownFileType = sourcecode.swift; path = MainVC.swift; sourceTree = "<group>"; };
		66BD9379293CC7AE00F62E26 /* HomeTopCell.swift */ = {isa = PBXFileReference; lastKnownFileType = sourcecode.swift; path = HomeTopCell.swift; sourceTree = "<group>"; };
/* End PBXFileReference section */

/* Begin PBXFrameworksBuildPhase section */
		661B6D6E293B91F30084ECA5 /* Frameworks */ = {
			isa = PBXFrameworksBuildPhase;
			buildActionMask = 2147483647;
			files = (
				66804F35293E9E98008977E8 /* Kingfisher in Frameworks */,
				661B6D91293B92FD0084ECA5 /* Alamofire in Frameworks */,
				66BD9378293CC15C00F62E26 /* AlamofireImage in Frameworks */,
			);
			runOnlyForDeploymentPostprocessing = 0;
		};
/* End PBXFrameworksBuildPhase section */

/* Begin PBXGroup section */
		661B6D68293B91F30084ECA5 = {
			isa = PBXGroup;
			children = (
				661B6D73293B91F30084ECA5 /* MovieApp-MVVM */,
				661B6D72293B91F30084ECA5 /* Products */,
			);
			sourceTree = "<group>";
		};
		661B6D72293B91F30084ECA5 /* Products */ = {
			isa = PBXGroup;
			children = (
				661B6D71293B91F30084ECA5 /* MovieApp-MVVM.app */,
			);
			name = Products;
			sourceTree = "<group>";
		};
		661B6D73293B91F30084ECA5 /* MovieApp-MVVM */ = {
			isa = PBXGroup;
			children = (
				66BD9371293CBAC400F62E26 /* Cells */,
				661B6D8C293B92190084ECA5 /* Network */,
				661B6D8B293B92150084ECA5 /* Core */,
				661B6D8A293B92120084ECA5 /* Views */,
				661B6D89293B920B0084ECA5 /* ViewModel */,
				661B6D88293B92020084ECA5 /* Model */,
				661B6D82293B91F40084ECA5 /* Info.plist */,
			);
			path = "MovieApp-MVVM";
			sourceTree = "<group>";
		};
		661B6D88293B92020084ECA5 /* Model */ = {
			isa = PBXGroup;
			children = (
				661B6D92293B94DB0084ECA5 /* MovieNowPlayingModel.swift */,
				661B6D94293C0C530084ECA5 /* MovieUpComingModel.swift */,
				66BD936F293CAAEF00F62E26 /* MovieDetailsModel.swift */,
			);
			path = Model;
			sourceTree = "<group>";
		};
		661B6D89293B920B0084ECA5 /* ViewModel */ = {
			isa = PBXGroup;
			children = (
			);
			path = ViewModel;
			sourceTree = "<group>";
		};
		661B6D8A293B92120084ECA5 /* Views */ = {
			isa = PBXGroup;
			children = (
				66BD9374293CBC7F00F62E26 /* MainVC.swift */,
			);
			path = Views;
			sourceTree = "<group>";
		};
		661B6D8B293B92150084ECA5 /* Core */ = {
			isa = PBXGroup;
			children = (
				661B6D74293B91F30084ECA5 /* AppDelegate.swift */,
				661B6D76293B91F30084ECA5 /* SceneDelegate.swift */,
				661B6D7D293B91F40084ECA5 /* Assets.xcassets */,
			);
			path = Core;
			sourceTree = "<group>";
		};
		661B6D8C293B92190084ECA5 /* Network */ = {
			isa = PBXGroup;
			children = (
				661B6D8D293B92A10084ECA5 /* WebService.swift */,
			);
			path = Network;
			sourceTree = "<group>";
		};
		66BD9371293CBAC400F62E26 /* Cells */ = {
			isa = PBXGroup;
			children = (
				66BD9372293CBAE800F62E26 /* HomeTopSliderCell.swift */,
				66BD9379293CC7AE00F62E26 /* HomeTopCell.swift */,
				66804F2D293E9E3A008977E8 /* HomeBottomListCell.swift */,
				66804F2F293E9E5A008977E8 /* DetailBottomCell.swift */,
				66804F31293E9E82008977E8 /* CompositionalCustomCell.swift */,
			);
			path = Cells;
			sourceTree = "<group>";
		};
/* End PBXGroup section */

/* Begin PBXNativeTarget section */
		661B6D70293B91F30084ECA5 /* MovieApp-MVVM */ = {
			isa = PBXNativeTarget;
			buildConfigurationList = 661B6D85293B91F40084ECA5 /* Build configuration list for PBXNativeTarget "MovieApp-MVVM" */;
			buildPhases = (
				661B6D6D293B91F30084ECA5 /* Sources */,
				661B6D6E293B91F30084ECA5 /* Frameworks */,
				661B6D6F293B91F30084ECA5 /* Resources */,
			);
			buildRules = (
			);
			dependencies = (
			);
			name = "MovieApp-MVVM";
			packageProductDependencies = (
				661B6D90293B92FD0084ECA5 /* Alamofire */,
				66BD9377293CC15C00F62E26 /* AlamofireImage */,
				66804F34293E9E98008977E8 /* Kingfisher */,
			);
			productName = "MovieApp-MVVM";
			productReference = 661B6D71293B91F30084ECA5 /* MovieApp-MVVM.app */;
			productType = "com.apple.product-type.application";
		};
/* End PBXNativeTarget section */

/* Begin PBXProject section */
		661B6D69293B91F30084ECA5 /* Project object */ = {
			isa = PBXProject;
			attributes = {
				BuildIndependentTargetsInParallel = 1;
				LastSwiftUpdateCheck = 1410;
				LastUpgradeCheck = 1410;
				TargetAttributes = {
					661B6D70293B91F30084ECA5 = {
						CreatedOnToolsVersion = 14.1;
					};
				};
			};
			buildConfigurationList = 661B6D6C293B91F30084ECA5 /* Build configuration list for PBXProject "MovieApp-MVVM" */;
			compatibilityVersion = "Xcode 14.0";
			developmentRegion = en;
			hasScannedForEncodings = 0;
			knownRegions = (
				en,
				Base,
			);
			mainGroup = 661B6D68293B91F30084ECA5;
			packageReferences = (
				661B6D8F293B92FD0084ECA5 /* XCRemoteSwiftPackageReference "Alamofire" */,
				66BD9376293CC15C00F62E26 /* XCRemoteSwiftPackageReference "AlamofireImage" */,
				66804F33293E9E98008977E8 /* XCRemoteSwiftPackageReference "Kingfisher" */,
			);
			productRefGroup = 661B6D72293B91F30084ECA5 /* Products */;
			projectDirPath = "";
			projectRoot = "";
			targets = (
				661B6D70293B91F30084ECA5 /* MovieApp-MVVM */,
			);
		};
/* End PBXProject section */

/* Begin PBXResourcesBuildPhase section */
		661B6D6F293B91F30084ECA5 /* Resources */ = {
			isa = PBXResourcesBuildPhase;
			buildActionMask = 2147483647;
			files = (
				661B6D7E293B91F40084ECA5 /* Assets.xcassets in Resources */,
			);
			runOnlyForDeploymentPostprocessing = 0;
		};
/* End PBXResourcesBuildPhase section */

/* Begin PBXSourcesBuildPhase section */
		661B6D6D293B91F30084ECA5 /* Sources */ = {
			isa = PBXSourcesBuildPhase;
			buildActionMask = 2147483647;
			files = (
				66804F32293E9E82008977E8 /* CompositionalCustomCell.swift in Sources */,
				661B6D8E293B92A10084ECA5 /* WebService.swift in Sources */,
				66804F30293E9E5A008977E8 /* DetailBottomCell.swift in Sources */,
				661B6D75293B91F30084ECA5 /* AppDelegate.swift in Sources */,
				661B6D95293C0C530084ECA5 /* MovieUpComingModel.swift in Sources */,
				66BD9370293CAAEF00F62E26 /* MovieDetailsModel.swift in Sources */,
				661B6D93293B94DB0084ECA5 /* MovieNowPlayingModel.swift in Sources */,
				66804F2E293E9E3A008977E8 /* HomeBottomListCell.swift in Sources */,
				66BD9375293CBC7F00F62E26 /* MainVC.swift in Sources */,
				66BD9373293CBAE800F62E26 /* HomeTopSliderCell.swift in Sources */,
				661B6D77293B91F30084ECA5 /* SceneDelegate.swift in Sources */,
				66BD937A293CC7AE00F62E26 /* HomeTopCell.swift in Sources */,
			);
			runOnlyForDeploymentPostprocessing = 0;
		};
/* End PBXSourcesBuildPhase section */

/* Begin XCBuildConfiguration section */
		661B6D83293B91F40084ECA5 /* Debug */ = {
			isa = XCBuildConfiguration;
			buildSettings = {
				ALWAYS_SEARCH_USER_PATHS = NO;
				CLANG_ANALYZER_NONNULL = YES;
				CLANG_ANALYZER_NUMBER_OBJECT_CONVERSION = YES_AGGRESSIVE;
				CLANG_CXX_LANGUAGE_STANDARD = "gnu++20";
				CLANG_ENABLE_MODULES = YES;
				CLANG_ENABLE_OBJC_ARC = YES;
				CLANG_ENABLE_OBJC_WEAK = YES;
				CLANG_WARN_BLOCK_CAPTURE_AUTORELEASING = YES;
				CLANG_WARN_BOOL_CONVERSION = YES;
				CLANG_WARN_COMMA = YES;
				CLANG_WARN_CONSTANT_CONVERSION = YES;
				CLANG_WARN_DEPRECATED_OBJC_IMPLEMENTATIONS = YES;
				CLANG_WARN_DIRECT_OBJC_ISA_USAGE = YES_ERROR;
				CLANG_WARN_DOCUMENTATION_COMMENTS = YES;
				CLANG_WARN_EMPTY_BODY = YES;
				CLANG_WARN_ENUM_CONVERSION = YES;
				CLANG_WARN_INFINITE_RECURSION = YES;
				CLANG_WARN_INT_CONVERSION = YES;
				CLANG_WARN_NON_LITERAL_NULL_CONVERSION = YES;
				CLANG_WARN_OBJC_IMPLICIT_RETAIN_SELF = YES;
				CLANG_WARN_OBJC_LITERAL_CONVERSION = YES;
				CLANG_WARN_OBJC_ROOT_CLASS = YES_ERROR;
				CLANG_WARN_QUOTED_INCLUDE_IN_FRAMEWORK_HEADER = YES;
				CLANG_WARN_RANGE_LOOP_ANALYSIS = YES;
				CLANG_WARN_STRICT_PROTOTYPES = YES;
				CLANG_WARN_SUSPICIOUS_MOVE = YES;
				CLANG_WARN_UNGUARDED_AVAILABILITY = YES_AGGRESSIVE;
				CLANG_WARN_UNREACHABLE_CODE = YES;
				CLANG_WARN__DUPLICATE_METHOD_MATCH = YES;
				COPY_PHASE_STRIP = NO;
				DEBUG_INFORMATION_FORMAT = dwarf;
				ENABLE_STRICT_OBJC_MSGSEND = YES;
				ENABLE_TESTABILITY = YES;
				GCC_C_LANGUAGE_STANDARD = gnu11;
				GCC_DYNAMIC_NO_PIC = NO;
				GCC_NO_COMMON_BLOCKS = YES;
				GCC_OPTIMIZATION_LEVEL = 0;
				GCC_PREPROCESSOR_DEFINITIONS = (
					"DEBUG=1",
					"$(inherited)",
				);
				GCC_WARN_64_TO_32_BIT_CONVERSION = YES;
				GCC_WARN_ABOUT_RETURN_TYPE = YES_ERROR;
				GCC_WARN_UNDECLARED_SELECTOR = YES;
				GCC_WARN_UNINITIALIZED_AUTOS = YES_AGGRESSIVE;
				GCC_WARN_UNUSED_FUNCTION = YES;
				GCC_WARN_UNUSED_VARIABLE = YES;
				IPHONEOS_DEPLOYMENT_TARGET = 16.1;
				MTL_ENABLE_DEBUG_INFO = INCLUDE_SOURCE;
				MTL_FAST_MATH = YES;
				ONLY_ACTIVE_ARCH = YES;
				SDKROOT = iphoneos;
				SWIFT_ACTIVE_COMPILATION_CONDITIONS = DEBUG;
				SWIFT_OPTIMIZATION_LEVEL = "-Onone";
			};
			name = Debug;
		};
		661B6D84293B91F40084ECA5 /* Release */ = {
			isa = XCBuildConfiguration;
			buildSettings = {
				ALWAYS_SEARCH_USER_PATHS = NO;
				CLANG_ANALYZER_NONNULL = YES;
				CLANG_ANALYZER_NUMBER_OBJECT_CONVERSION = YES_AGGRESSIVE;
				CLANG_CXX_LANGUAGE_STANDARD = "gnu++20";
				CLANG_ENABLE_MODULES = YES;
				CLANG_ENABLE_OBJC_ARC = YES;
				CLANG_ENABLE_OBJC_WEAK = YES;
				CLANG_WARN_BLOCK_CAPTURE_AUTORELEASING = YES;
				CLANG_WARN_BOOL_CONVERSION = YES;
				CLANG_WARN_COMMA = YES;
				CLANG_WARN_CONSTANT_CONVERSION = YES;
				CLANG_WARN_DEPRECATED_OBJC_IMPLEMENTATIONS = YES;
				CLANG_WARN_DIRECT_OBJC_ISA_USAGE = YES_ERROR;
				CLANG_WARN_DOCUMENTATION_COMMENTS = YES;
				CLANG_WARN_EMPTY_BODY = YES;
				CLANG_WARN_ENUM_CONVERSION = YES;
				CLANG_WARN_INFINITE_RECURSION = YES;
				CLANG_WARN_INT_CONVERSION = YES;
				CLANG_WARN_NON_LITERAL_NULL_CONVERSION = YES;
				CLANG_WARN_OBJC_IMPLICIT_RETAIN_SELF = YES;
				CLANG_WARN_OBJC_LITERAL_CONVERSION = YES;
				CLANG_WARN_OBJC_ROOT_CLASS = YES_ERROR;
				CLANG_WARN_QUOTED_INCLUDE_IN_FRAMEWORK_HEADER = YES;
				CLANG_WARN_RANGE_LOOP_ANALYSIS = YES;
				CLANG_WARN_STRICT_PROTOTYPES = YES;
				CLANG_WARN_SUSPICIOUS_MOVE = YES;
				CLANG_WARN_UNGUARDED_AVAILABILITY = YES_AGGRESSIVE;
				CLANG_WARN_UNREACHABLE_CODE = YES;
				CLANG_WARN__DUPLICATE_METHOD_MATCH = YES;
				COPY_PHASE_STRIP = NO;
				DEBUG_INFORMATION_FORMAT = "dwarf-with-dsym";
				ENABLE_NS_ASSERTIONS = NO;
				ENABLE_STRICT_OBJC_MSGSEND = YES;
				GCC_C_LANGUAGE_STANDARD = gnu11;
				GCC_NO_COMMON_BLOCKS = YES;
				GCC_WARN_64_TO_32_BIT_CONVERSION = YES;
				GCC_WARN_ABOUT_RETURN_TYPE = YES_ERROR;
				GCC_WARN_UNDECLARED_SELECTOR = YES;
				GCC_WARN_UNINITIALIZED_AUTOS = YES_AGGRESSIVE;
				GCC_WARN_UNUSED_FUNCTION = YES;
				GCC_WARN_UNUSED_VARIABLE = YES;
				IPHONEOS_DEPLOYMENT_TARGET = 16.1;
				MTL_ENABLE_DEBUG_INFO = NO;
				MTL_FAST_MATH = YES;
				SDKROOT = iphoneos;
				SWIFT_COMPILATION_MODE = wholemodule;
				SWIFT_OPTIMIZATION_LEVEL = "-O";
				VALIDATE_PRODUCT = YES;
			};
			name = Release;
		};
		661B6D86293B91F40084ECA5 /* Debug */ = {
			isa = XCBuildConfiguration;
			buildSettings = {
				ASSETCATALOG_COMPILER_APPICON_NAME = AppIcon;
				ASSETCATALOG_COMPILER_GLOBAL_ACCENT_COLOR_NAME = AccentColor;
				CODE_SIGN_STYLE = Automatic;
				CURRENT_PROJECT_VERSION = 1;
				GENERATE_INFOPLIST_FILE = YES;
				INFOPLIST_FILE = "MovieApp-MVVM/Info.plist";
				INFOPLIST_KEY_UIApplicationSupportsIndirectInputEvents = YES;
				INFOPLIST_KEY_UILaunchStoryboardName = LaunchScreen;
				INFOPLIST_KEY_UIRequiresFullScreen = NO;
				INFOPLIST_KEY_UISupportedInterfaceOrientations = "UIInterfaceOrientationLandscapeLeft UIInterfaceOrientationLandscapeRight UIInterfaceOrientationPortrait";
				LD_RUNPATH_SEARCH_PATHS = (
					"$(inherited)",
					"@executable_path/Frameworks",
				);
				MARKETING_VERSION = 1.0;
				PRODUCT_BUNDLE_IDENTIFIER = "com.info.MovieApp-MVVM";
				PRODUCT_NAME = "$(TARGET_NAME)";
				SWIFT_EMIT_LOC_STRINGS = YES;
				SWIFT_VERSION = 5.0;
				TARGETED_DEVICE_FAMILY = "1,2";
			};
			name = Debug;
		};
		661B6D87293B91F40084ECA5 /* Release */ = {
			isa = XCBuildConfiguration;
			buildSettings = {
				ASSETCATALOG_COMPILER_APPICON_NAME = AppIcon;
				ASSETCATALOG_COMPILER_GLOBAL_ACCENT_COLOR_NAME = AccentColor;
				CODE_SIGN_STYLE = Automatic;
				CURRENT_PROJECT_VERSION = 1;
				GENERATE_INFOPLIST_FILE = YES;
				INFOPLIST_FILE = "MovieApp-MVVM/Info.plist";
				INFOPLIST_KEY_UIApplicationSupportsIndirectInputEvents = YES;
				INFOPLIST_KEY_UILaunchStoryboardName = LaunchScreen;
				INFOPLIST_KEY_UIRequiresFullScreen = NO;
				INFOPLIST_KEY_UISupportedInterfaceOrientations = "UIInterfaceOrientationLandscapeLeft UIInterfaceOrientationLandscapeRight UIInterfaceOrientationPortrait";
				LD_RUNPATH_SEARCH_PATHS = (
					"$(inherited)",
					"@executable_path/Frameworks",
				);
				MARKETING_VERSION = 1.0;
				PRODUCT_BUNDLE_IDENTIFIER = "com.info.MovieApp-MVVM";
				PRODUCT_NAME = "$(TARGET_NAME)";
				SWIFT_EMIT_LOC_STRINGS = YES;
				SWIFT_VERSION = 5.0;
				TARGETED_DEVICE_FAMILY = "1,2";
			};
			name = Release;
		};
/* End XCBuildConfiguration section */

/* Begin XCConfigurationList section */
		661B6D6C293B91F30084ECA5 /* Build configuration list for PBXProject "MovieApp-MVVM" */ = {
			isa = XCConfigurationList;
			buildConfigurations = (
				661B6D83293B91F40084ECA5 /* Debug */,
				661B6D84293B91F40084ECA5 /* Release */,
			);
			defaultConfigurationIsVisible = 0;
			defaultConfigurationName = Release;
		};
		661B6D85293B91F40084ECA5 /* Build configuration list for PBXNativeTarget "MovieApp-MVVM" */ = {
			isa = XCConfigurationList;
			buildConfigurations = (
				661B6D86293B91F40084ECA5 /* Debug */,
				661B6D87293B91F40084ECA5 /* Release */,
			);
			defaultConfigurationIsVisible = 0;
			defaultConfigurationName = Release;
		};
/* End XCConfigurationList section */

/* Begin XCRemoteSwiftPackageReference section */
		661B6D8F293B92FD0084ECA5 /* XCRemoteSwiftPackageReference "Alamofire" */ = {
			isa = XCRemoteSwiftPackageReference;
			repositoryURL = "https://github.com/Alamofire/Alamofire.git";
			requirement = {
				kind = upToNextMajorVersion;
				minimumVersion = 5.0.0;
			};
		};
		66804F33293E9E98008977E8 /* XCRemoteSwiftPackageReference "Kingfisher" */ = {
			isa = XCRemoteSwiftPackageReference;
			repositoryURL = "https://github.com/onevcat/Kingfisher.git";
			requirement = {
				branch = master;
				kind = branch;
			};
		};
		66BD9376293CC15C00F62E26 /* XCRemoteSwiftPackageReference "AlamofireImage" */ = {
			isa = XCRemoteSwiftPackageReference;
			repositoryURL = "https://github.com/Alamofire/AlamofireImage.git";
			requirement = {
				branch = master;
				kind = branch;
			};
		};
/* End XCRemoteSwiftPackageReference section */

/* Begin XCSwiftPackageProductDependency section */
		661B6D90293B92FD0084ECA5 /* Alamofire */ = {
			isa = XCSwiftPackageProductDependency;
			package = 661B6D8F293B92FD0084ECA5 /* XCRemoteSwiftPackageReference "Alamofire" */;
			productName = Alamofire;
		};
		66804F34293E9E98008977E8 /* Kingfisher */ = {
			isa = XCSwiftPackageProductDependency;
			package = 66804F33293E9E98008977E8 /* XCRemoteSwiftPackageReference "Kingfisher" */;
			productName = Kingfisher;
		};
		66BD9377293CC15C00F62E26 /* AlamofireImage */ = {
			isa = XCSwiftPackageProductDependency;
			package = 66BD9376293CC15C00F62E26 /* XCRemoteSwiftPackageReference "AlamofireImage" */;
			productName = AlamofireImage;
		};
/* End XCSwiftPackageProductDependency section */
	};
	rootObject = 661B6D69293B91F30084ECA5 /* Project object */;
}
